// !$*UTF8*$!
{
	archiveVersion = 1;
	classes = {
	};
	objectVersion = 48;
	objects = {

/* Begin PBXBuildFile section */
		2302402222182C7500629600 /* LEFClass10.cpp in Sources */ = {isa = PBXBuildFile; fileRef = 2302402022182C7500629600 /* LEFClass10.cpp */; };
		232D836E207C3F4C00A10C8C /* AppDelegate.mm in Sources */ = {isa = PBXBuildFile; fileRef = 232D836D207C3F4C00A10C8C /* AppDelegate.mm */; };
		232D8371207C3F4C00A10C8C /* ViewController.mm in Sources */ = {isa = PBXBuildFile; fileRef = 232D8370207C3F4C00A10C8C /* ViewController.mm */; };
		232D8374207C3F4C00A10C8C /* Main.storyboard in Resources */ = {isa = PBXBuildFile; fileRef = 232D8372207C3F4C00A10C8C /* Main.storyboard */; };
		232D8376207C3F4C00A10C8C /* Assets.xcassets in Resources */ = {isa = PBXBuildFile; fileRef = 232D8375207C3F4C00A10C8C /* Assets.xcassets */; };
		232D8379207C3F4C00A10C8C /* LaunchScreen.storyboard in Resources */ = {isa = PBXBuildFile; fileRef = 232D8377207C3F4C00A10C8C /* LaunchScreen.storyboard */; };
		232D837C207C3F4C00A10C8C /* main.m in Sources */ = {isa = PBXBuildFile; fileRef = 232D837B207C3F4C00A10C8C /* main.m */; };
		23D14E68221918FD00171061 /* LEFClass11.cpp in Sources */ = {isa = PBXBuildFile; fileRef = 23D14E66221918FD00171061 /* LEFClass11.cpp */; };
		23E6D628221A368D00628CCB /* LEFClass12.cpp in Sources */ = {isa = PBXBuildFile; fileRef = 23E6D626221A368D00628CCB /* LEFClass12.cpp */; };
/* End PBXBuildFile section */

/* Begin PBXFileReference section */
		2302402022182C7500629600 /* LEFClass10.cpp */ = {isa = PBXFileReference; lastKnownFileType = sourcecode.cpp.cpp; path = LEFClass10.cpp; sourceTree = "<group>"; };
		2302402122182C7500629600 /* LEFClass10.hpp */ = {isa = PBXFileReference; lastKnownFileType = sourcecode.cpp.h; path = LEFClass10.hpp; sourceTree = "<group>"; };
		232D8369207C3F4C00A10C8C /* DSACode.app */ = {isa = PBXFileReference; explicitFileType = wrapper.application; includeInIndex = 0; path = DSACode.app; sourceTree = BUILT_PRODUCTS_DIR; };
		232D836C207C3F4C00A10C8C /* AppDelegate.h */ = {isa = PBXFileReference; lastKnownFileType = sourcecode.c.h; path = AppDelegate.h; sourceTree = "<group>"; };
		232D836D207C3F4C00A10C8C /* AppDelegate.mm */ = {isa = PBXFileReference; lastKnownFileType = sourcecode.cpp.objcpp; path = AppDelegate.mm; sourceTree = "<group>"; };
		232D836F207C3F4C00A10C8C /* ViewController.h */ = {isa = PBXFileReference; lastKnownFileType = sourcecode.c.h; path = ViewController.h; sourceTree = "<group>"; };
		232D8370207C3F4C00A10C8C /* ViewController.mm */ = {isa = PBXFileReference; lastKnownFileType = sourcecode.cpp.objcpp; path = ViewController.mm; sourceTree = "<group>"; };
		232D8373207C3F4C00A10C8C /* Base */ = {isa = PBXFileReference; lastKnownFileType = file.storyboard; name = Base; path = Base.lproj/Main.storyboard; sourceTree = "<group>"; };
		232D8375207C3F4C00A10C8C /* Assets.xcassets */ = {isa = PBXFileReference; lastKnownFileType = folder.assetcatalog; path = Assets.xcassets; sourceTree = "<group>"; };
		232D8378207C3F4C00A10C8C /* Base */ = {isa = PBXFileReference; lastKnownFileType = file.storyboard; name = Base; path = Base.lproj/LaunchScreen.storyboard; sourceTree = "<group>"; };
		232D837A207C3F4C00A10C8C /* Info.plist */ = {isa = PBXFileReference; lastKnownFileType = text.plist.xml; path = Info.plist; sourceTree = "<group>"; };
		232D837B207C3F4C00A10C8C /* main.m */ = {isa = PBXFileReference; lastKnownFileType = sourcecode.c.objc; path = main.m; sourceTree = "<group>"; };
		23D14E66221918FD00171061 /* LEFClass11.cpp */ = {isa = PBXFileReference; lastKnownFileType = sourcecode.cpp.cpp; path = LEFClass11.cpp; sourceTree = "<group>"; };
		23D14E67221918FD00171061 /* LEFClass11.hpp */ = {isa = PBXFileReference; lastKnownFileType = sourcecode.cpp.h; path = LEFClass11.hpp; sourceTree = "<group>"; };
		23E6D626221A368D00628CCB /* LEFClass12.cpp */ = {isa = PBXFileReference; lastKnownFileType = sourcecode.cpp.cpp; path = LEFClass12.cpp; sourceTree = "<group>"; };
		23E6D627221A368D00628CCB /* LEFClass12.hpp */ = {isa = PBXFileReference; lastKnownFileType = sourcecode.cpp.h; path = LEFClass12.hpp; sourceTree = "<group>"; };
/* End PBXFileReference section */

/* Begin PBXFrameworksBuildPhase section */
		232D8366207C3F4C00A10C8C /* Frameworks */ = {
			isa = PBXFrameworksBuildPhase;
			buildActionMask = 2147483647;
			files = (
			);
			runOnlyForDeploymentPostprocessing = 0;
		};
/* End PBXFrameworksBuildPhase section */

/* Begin PBXGroup section */
		232D8360207C3F4C00A10C8C = {
			isa = PBXGroup;
			children = (
				232D836B207C3F4C00A10C8C /* DSACode */,
				232D836A207C3F4C00A10C8C /* Products */,
			);
			sourceTree = "<group>";
		};
		232D836A207C3F4C00A10C8C /* Products */ = {
			isa = PBXGroup;
			children = (
				232D8369207C3F4C00A10C8C /* DSACode.app */,
			);
			name = Products;
			sourceTree = "<group>";
		};
		232D836B207C3F4C00A10C8C /* DSACode */ = {
			isa = PBXGroup;
			children = (
				232D836C207C3F4C00A10C8C /* AppDelegate.h */,
				232D836D207C3F4C00A10C8C /* AppDelegate.mm */,
				232D836F207C3F4C00A10C8C /* ViewController.h */,
				232D8370207C3F4C00A10C8C /* ViewController.mm */,
				232D8372207C3F4C00A10C8C /* Main.storyboard */,
				232D8375207C3F4C00A10C8C /* Assets.xcassets */,
				232D8377207C3F4C00A10C8C /* LaunchScreen.storyboard */,
				232D837A207C3F4C00A10C8C /* Info.plist */,
				232D837B207C3F4C00A10C8C /* main.m */,
				2302402022182C7500629600 /* LEFClass10.cpp */,
				2302402122182C7500629600 /* LEFClass10.hpp */,
				23D14E66221918FD00171061 /* LEFClass11.cpp */,
				23D14E67221918FD00171061 /* LEFClass11.hpp */,
				23E6D626221A368D00628CCB /* LEFClass12.cpp */,
				23E6D627221A368D00628CCB /* LEFClass12.hpp */,
			);
			path = DSACode;
			sourceTree = "<group>";
		};
/* End PBXGroup section */

/* Begin PBXNativeTarget section */
		232D8368207C3F4C00A10C8C /* DSACode */ = {
			isa = PBXNativeTarget;
			buildConfigurationList = 232D837F207C3F4C00A10C8C /* Build configuration list for PBXNativeTarget "DSACode" */;
			buildPhases = (
				232D8365207C3F4C00A10C8C /* Sources */,
				232D8366207C3F4C00A10C8C /* Frameworks */,
				232D8367207C3F4C00A10C8C /* Resources */,
			);
			buildRules = (
			);
			dependencies = (
			);
			name = DSACode;
			productName = DSACode;
			productReference = 232D8369207C3F4C00A10C8C /* DSACode.app */;
			productType = "com.apple.product-type.application";
		};
/* End PBXNativeTarget section */

/* Begin PBXProject section */
		232D8361207C3F4C00A10C8C /* Project object */ = {
			isa = PBXProject;
			attributes = {
				LastUpgradeCheck = 0910;
				ORGANIZATIONNAME = "Wang,Suyan";
				TargetAttributes = {
					232D8368207C3F4C00A10C8C = {
						CreatedOnToolsVersion = 9.1;
						ProvisioningStyle = Automatic;
					};
				};
			};
			buildConfigurationList = 232D8364207C3F4C00A10C8C /* Build configuration list for PBXProject "DSACode" */;
			compatibilityVersion = "Xcode 8.0";
			developmentRegion = en;
			hasScannedForEncodings = 0;
			knownRegions = (
				en,
				Base,
			);
			mainGroup = 232D8360207C3F4C00A10C8C;
			productRefGroup = 232D836A207C3F4C00A10C8C /* Products */;
			projectDirPath = "";
			projectRoot = "";
			targets = (
				232D8368207C3F4C00A10C8C /* DSACode */,
			);
		};
/* End PBXProject section */

/* Begin PBXResourcesBuildPhase section */
		232D8367207C3F4C00A10C8C /* Resources */ = {
			isa = PBXResourcesBuildPhase;
			buildActionMask = 2147483647;
			files = (
				232D8379207C3F4C00A10C8C /* LaunchScreen.storyboard in Resources */,
				232D8376207C3F4C00A10C8C /* Assets.xcassets in Resources */,
				232D8374207C3F4C00A10C8C /* Main.storyboard in Resources */,
			);
			runOnlyForDeploymentPostprocessing = 0;
		};
/* End PBXResourcesBuildPhase section */

/* Begin PBXSourcesBuildPhase section */
		232D8365207C3F4C00A10C8C /* Sources */ = {
			isa = PBXSourcesBuildPhase;
			buildActionMask = 2147483647;
			files = (
				232D8371207C3F4C00A10C8C /* ViewController.mm in Sources */,
				23E6D628221A368D00628CCB /* LEFClass12.cpp in Sources */,
				2302402222182C7500629600 /* LEFClass10.cpp in Sources */,
				232D837C207C3F4C00A10C8C /* main.m in Sources */,
				232D836E207C3F4C00A10C8C /* AppDelegate.mm in Sources */,
				23D14E68221918FD00171061 /* LEFClass11.cpp in Sources */,
			);
			runOnlyForDeploymentPostprocessing = 0;
		};
/* End PBXSourcesBuildPhase section */

/* Begin PBXVariantGroup section */
		232D8372207C3F4C00A10C8C /* Main.storyboard */ = {
			isa = PBXVariantGroup;
			children = (
				232D8373207C3F4C00A10C8C /* Base */,
			);
			name = Main.storyboard;
			sourceTree = "<group>";
		};
		232D8377207C3F4C00A10C8C /* LaunchScreen.storyboard */ = {
			isa = PBXVariantGroup;
			children = (
				232D8378207C3F4C00A10C8C /* Base */,
			);
			name = LaunchScreen.storyboard;
			sourceTree = "<group>";
		};
/* End PBXVariantGroup section */

/* Begin XCBuildConfiguration section */
		232D837D207C3F4C00A10C8C /* Debug */ = {
			isa = XCBuildConfiguration;
			buildSettings = {
				ALWAYS_SEARCH_USER_PATHS = NO;
				CLANG_ANALYZER_NONNULL = YES;
				CLANG_ANALYZER_NUMBER_OBJECT_CONVERSION = YES_AGGRESSIVE;
				CLANG_CXX_LANGUAGE_STANDARD = "gnu++14";
				CLANG_CXX_LIBRARY = "libc++";
				CLANG_ENABLE_MODULES = YES;
				CLANG_ENABLE_OBJC_ARC = YES;
				CLANG_WARN_BLOCK_CAPTURE_AUTORELEASING = YES;
				CLANG_WARN_BOOL_CONVERSION = YES;
				CLANG_WARN_COMMA = YES;
				CLANG_WARN_CONSTANT_CONVERSION = YES;
				CLANG_WARN_DIRECT_OBJC_ISA_USAGE = YES_ERROR;
				CLANG_WARN_DOCUMENTATION_COMMENTS = YES;
				CLANG_WARN_EMPTY_BODY = YES;
				CLANG_WARN_ENUM_CONVERSION = YES;
				CLANG_WARN_INFINITE_RECURSION = YES;
				CLANG_WARN_INT_CONVERSION = YES;
				CLANG_WARN_NON_LITERAL_NULL_CONVERSION = YES;
				CLANG_WARN_OBJC_LITERAL_CONVERSION = YES;
				CLANG_WARN_OBJC_ROOT_CLASS = YES_ERROR;
				CLANG_WARN_RANGE_LOOP_ANALYSIS = YES;
				CLANG_WARN_STRICT_PROTOTYPES = YES;
				CLANG_WARN_SUSPICIOUS_MOVE = YES;
				CLANG_WARN_UNGUARDED_AVAILABILITY = YES_AGGRESSIVE;
				CLANG_WARN_UNREACHABLE_CODE = YES;
				CLANG_WARN__DUPLICATE_METHOD_MATCH = YES;
				CODE_SIGN_IDENTITY = "iPhone Developer";
				COPY_PHASE_STRIP = NO;
				DEBUG_INFORMATION_FORMAT = dwarf;
				ENABLE_STRICT_OBJC_MSGSEND = YES;
				ENABLE_TESTABILITY = YES;
				GCC_C_LANGUAGE_STANDARD = gnu11;
				GCC_DYNAMIC_NO_PIC = NO;
				GCC_NO_COMMON_BLOCKS = YES;
				GCC_OPTIMIZATION_LEVEL = 0;
				GCC_PREPROCESSOR_DEFINITIONS = (
					"DEBUG=1",
					"$(inherited)",
				);
				GCC_WARN_64_TO_32_BIT_CONVERSION = YES;
				GCC_WARN_ABOUT_RETURN_TYPE = YES_ERROR;
				GCC_WARN_UNDECLARED_SELECTOR = YES;
				GCC_WARN_UNINITIALIZED_AUTOS = YES_AGGRESSIVE;
				GCC_WARN_UNUSED_FUNCTION = YES;
				GCC_WARN_UNUSED_VARIABLE = YES;
				IPHONEOS_DEPLOYMENT_TARGET = 11.1;
				MTL_ENABLE_DEBUG_INFO = YES;
				ONLY_ACTIVE_ARCH = YES;
				SDKROOT = iphoneos;
			};
			name = Debug;
		};
		232D837E207C3F4C00A10C8C /* Release */ = {
			isa = XCBuildConfiguration;
			buildSettings = {
				ALWAYS_SEARCH_USER_PATHS = NO;
				CLANG_ANALYZER_NONNULL = YES;
				CLANG_ANALYZER_NUMBER_OBJECT_CONVERSION = YES_AGGRESSIVE;
				CLANG_CXX_LANGUAGE_STANDARD = "gnu++14";
				CLANG_CXX_LIBRARY = "libc++";
				CLANG_ENABLE_MODULES = YES;
				CLANG_ENABLE_OBJC_ARC = YES;
				CLANG_WARN_BLOCK_CAPTURE_AUTORELEASING = YES;
				CLANG_WARN_BOOL_CONVERSION = YES;
				CLANG_WARN_COMMA = YES;
				CLANG_WARN_CONSTANT_CONVERSION = YES;
				CLANG_WARN_DIRECT_OBJC_ISA_USAGE = YES_ERROR;
				CLANG_WARN_DOCUMENTATION_COMMENTS = YES;
				CLANG_WARN_EMPTY_BODY = YES;
				CLANG_WARN_ENUM_CONVERSION = YES;
				CLANG_WARN_INFINITE_RECURSION = YES;
				CLANG_WARN_INT_CONVERSION = YES;
				CLANG_WARN_NON_LITERAL_NULL_CONVERSION = YES;
				CLANG_WARN_OBJC_LITERAL_CONVERSION = YES;
				CLANG_WARN_OBJC_ROOT_CLASS = YES_ERROR;
				CLANG_WARN_RANGE_LOOP_ANALYSIS = YES;
				CLANG_WARN_STRICT_PROTOTYPES = YES;
				CLANG_WARN_SUSPICIOUS_MOVE = YES;
				CLANG_WARN_UNGUARDED_AVAILABILITY = YES_AGGRESSIVE;
				CLANG_WARN_UNREACHABLE_CODE = YES;
				CLANG_WARN__DUPLICATE_METHOD_MATCH = YES;
				CODE_SIGN_IDENTITY = "iPhone Developer";
				COPY_PHASE_STRIP = NO;
				DEBUG_INFORMATION_FORMAT = "dwarf-with-dsym";
				ENABLE_NS_ASSERTIONS = NO;
				ENABLE_STRICT_OBJC_MSGSEND = YES;
				GCC_C_LANGUAGE_STANDARD = gnu11;
				GCC_NO_COMMON_BLOCKS = YES;
				GCC_WARN_64_TO_32_BIT_CONVERSION = YES;
				GCC_WARN_ABOUT_RETURN_TYPE = YES_ERROR;
				GCC_WARN_UNDECLARED_SELECTOR = YES;
				GCC_WARN_UNINITIALIZED_AUTOS = YES_AGGRESSIVE;
				GCC_WARN_UNUSED_FUNCTION = YES;
				GCC_WARN_UNUSED_VARIABLE = YES;
				IPHONEOS_DEPLOYMENT_TARGET = 11.1;
				MTL_ENABLE_DEBUG_INFO = NO;
				SDKROOT = iphoneos;
				VALIDATE_PRODUCT = YES;
			};
			name = Release;
		};
		232D8380207C3F4C00A10C8C /* Debug */ = {
			isa = XCBuildConfiguration;
			buildSettings = {
				ASSETCATALOG_COMPILER_APPICON_NAME = AppIcon;
				CODE_SIGN_STYLE = Automatic;
				DEVELOPMENT_TEAM = TGLMB8BDP2;
				INFOPLIST_FILE = DSACode/Info.plist;
				LD_RUNPATH_SEARCH_PATHS = "$(inherited) @executable_path/Frameworks";
				PRODUCT_BUNDLE_IDENTIFIER = "Lefe-x.DSACode";
				PRODUCT_NAME = "$(TARGET_NAME)";
				TARGETED_DEVICE_FAMILY = "1,2";
			};
			name = Debug;
		};
		232D8381207C3F4C00A10C8C /* Release */ = {
			isa = XCBuildConfiguration;
			buildSettings = {
				ASSETCATALOG_COMPILER_APPICON_NAME = AppIcon;
				CODE_SIGN_STYLE = Automatic;
				DEVELOPMENT_TEAM = TGLMB8BDP2;
				INFOPLIST_FILE = DSACode/Info.plist;
				LD_RUNPATH_SEARCH_PATHS = "$(inherited) @executable_path/Frameworks";
				PRODUCT_BUNDLE_IDENTIFIER = "Lefe-x.DSACode";
				PRODUCT_NAME = "$(TARGET_NAME)";
				TARGETED_DEVICE_FAMILY = "1,2";
			};
			name = Release;
		};
/* End XCBuildConfiguration section */

/* Begin XCConfigurationList section */
		232D8364207C3F4C00A10C8C /* Build configuration list for PBXProject "DSACode" */ = {
			isa = XCConfigurationList;
			buildConfigurations = (
				232D837D207C3F4C00A10C8C /* Debug */,
				232D837E207C3F4C00A10C8C /* Release */,
			);
			defaultConfigurationIsVisible = 0;
			defaultConfigurationName = Release;
		};
		232D837F207C3F4C00A10C8C /* Build configuration list for PBXNativeTarget "DSACode" */ = {
			isa = XCConfigurationList;
			buildConfigurations = (
				232D8380207C3F4C00A10C8C /* Debug */,
				232D8381207C3F4C00A10C8C /* Release */,
			);
			defaultConfigurationIsVisible = 0;
			defaultConfigurationName = Release;
		};
/* End XCConfigurationList section */
	};
	rootObject = 232D8361207C3F4C00A10C8C /* Project object */;
}
